
Microsoft Visual Studio Solution File, Format Version 12.00
# Visual Studio Version 16
VisualStudioVersion = 16.0.29521.150
MinimumVisualStudioVersion = 10.0.40219.1
Project("{FAE04EC0-301F-11D3-BF4B-00C04F79EFBC}") = "WebApplication1", "WebApplication1\WebApplication1.csproj", "{1B6B7D3C-DFD1-4A87-BA3A-D832B44DD06E}"
EndProject
Project("{FAE04EC0-301F-11D3-BF4B-00C04F79EFBC}") = "WebApplication1.Tests", "WebApplication1.Tests\WebApplication1.Tests.csproj", "{5D10A867-1981-4A94-B317-365A1DEF4D0B}"
EndProject
Global
	GlobalSection(SolutionConfigurationPlatforms) = preSolution
		Debug|Any CPU = Debug|Any CPU
		Release|Any CPU = Release|Any CPU
	EndGlobalSection
	GlobalSection(ProjectConfigurationPlatforms) = postSolution
		{1B6B7D3C-DFD1-4A87-BA3A-D832B44DD06E}.Debug|Any CPU.ActiveCfg = Debug|Any CPU
		{1B6B7D3C-DFD1-4A87-BA3A-D832B44DD06E}.Debug|Any CPU.Build.0 = Debug|Any CPU
		{1B6B7D3C-DFD1-4A87-BA3A-D832B44DD06E}.Release|Any CPU.ActiveCfg = Release|Any CPU
		{1B6B7D3C-DFD1-4A87-BA3A-D832B44DD06E}.Release|Any CPU.Build.0 = Release|Any CPU
		{5D10A867-1981-4A94-B317-365A1DEF4D0B}.Debug|Any CPU.ActiveCfg = Debug|Any CPU
		{5D10A867-1981-4A94-B317-365A1DEF4D0B}.Debug|Any CPU.Build.0 = Debug|Any CPU
		{5D10A867-1981-4A94-B317-365A1DEF4D0B}.Release|Any CPU.ActiveCfg = Release|Any CPU
		{5D10A867-1981-4A94-B317-365A1DEF4D0B}.Release|Any CPU.Build.0 = Release|Any CPU
	EndGlobalSection
	GlobalSection(SolutionProperties) = preSolution
		HideSolutionNode = FALSE
	EndGlobalSection
	GlobalSection(ExtensibilityGlobals) = postSolution
		SolutionGuid = {A84DD81B-A11F-4985-BA98-3B5AF4CB84D1}
	EndGlobalSection
EndGlobal
